Microsoft Visual Studio Solution File, Format Version 12.00
# Visual Studio Version 17
VisualStudioVersion = 17.12.35521.163
MinimumVisualStudioVersion = 10.0.40219.1
Project("{FAE04EC0-301F-11D3-BF4B-00C04F79EFBC}") = "AngspireDotNet.AppHost", "AngspireDotNetAPI.AppHost\AngspireDotNet.AppHost.csproj", "{56179B2A-56AE-4BCC-9447-D966FF1FFA41}"
EndProject
Project("{FAE04EC0-301F-11D3-BF4B-00C04F79EFBC}") = "AngspireDotNetAPI.ServiceDefaults", "AngspireDotNetAPI.ServiceDefaults\AngspireDotNetAPI.ServiceDefaults.csproj", "{E2334655-E766-4431-81BE-18FD3172924D}"
EndProject
Project("{FAE04EC0-301F-11D3-BF4B-00C04F79EFBC}") = "AngspireDotNetAPI.ApiService", "AngspireDotNetAPI.ApiService\AngspireDotNetAPI.ApiService.csproj", "{92B76192-4081-4AFB-8DDC-43C9246ED0BF}"
EndProject
Global
	GlobalSection(SolutionConfigurationPlatforms) = preSolution
		Debug|Any CPU = Debug|Any CPU
		Release|Any CPU = Release|Any CPU
	EndGlobalSection
	GlobalSection(ProjectConfigurationPlatforms) = postSolution
		{56179B2A-56AE-4BCC-9447-D966FF1FFA41}.Debug|Any CPU.ActiveCfg = Debug|Any CPU
		{56179B2A-56AE-4BCC-9447-D966FF1FFA41}.Debug|Any CPU.Build.0 = Debug|Any CPU
		{56179B2A-56AE-4BCC-9447-D966FF1FFA41}.Release|Any CPU.ActiveCfg = Release|Any CPU
		{56179B2A-56AE-4BCC-9447-D966FF1FFA41}.Release|Any CPU.Build.0 = Release|Any CPU
		{E2334655-E766-4431-81BE-18FD3172924D}.Debug|Any CPU.ActiveCfg = Debug|Any CPU
		{E2334655-E766-4431-81BE-18FD3172924D}.Debug|Any CPU.Build.0 = Debug|Any CPU
		{E2334655-E766-4431-81BE-18FD3172924D}.Release|Any CPU.ActiveCfg = Release|Any CPU
		{E2334655-E766-4431-81BE-18FD3172924D}.Release|Any CPU.Build.0 = Release|Any CPU
		{92B76192-4081-4AFB-8DDC-43C9246ED0BF}.Debug|Any CPU.ActiveCfg = Debug|Any CPU
		{92B76192-4081-4AFB-8DDC-43C9246ED0BF}.Debug|Any CPU.Build.0 = Debug|Any CPU
		{92B76192-4081-4AFB-8DDC-43C9246ED0BF}.Release|Any CPU.ActiveCfg = Release|Any CPU
		{92B76192-4081-4AFB-8DDC-43C9246ED0BF}.Release|Any CPU.Build.0 = Release|Any CPU
	EndGlobalSection
	GlobalSection(SolutionProperties) = preSolution
		HideSolutionNode = FALSE
	EndGlobalSection
EndGlobal
